{
  "name": "ga-final-project",
  "lockfileVersion": 2,
  "requires": true,
  "packages": {
    "": {
      "dependencies": {
        "rhymes": "^2.0.0"
      }
    },
    "node_modules/cmu-pronouncing-dictionary": {
      "version": "2.0.0",
      "resolved": "https://registry.npmjs.org/cmu-pronouncing-dictionary/-/cmu-pronouncing-dictionary-2.0.0.tgz",
      "integrity": "sha512-NmQC+mM/yIgoNYr5KNOR6vDwFI7BflDDEMw5SFDE9X7ppT2dBtP/AA+zJ0sebZY49fLF5ZZCRWeQggmXTTzeZw=="
    },
    "node_modules/rhymes": {
      "version": "2.0.0",
      "resolved": "https://registry.npmjs.org/rhymes/-/rhymes-2.0.0.tgz",
      "integrity": "sha512-ZDN6g+JrrnU9cpHX7SGVTFpTC2Y+nLS7idlVNYX62kmjuV+/ucIpq0HiHfDYmZZkfjywR4YTGjLsBqVu9dViOg==",
      "dependencies": {
        "cmu-pronouncing-dictionary": "^2.0.0"
      }
    }
  },
  "dependencies": {
    "cmu-pronouncing-dictionary": {
      "version": "2.0.0",
      "resolved": "https://registry.npmjs.org/cmu-pronouncing-dictionary/-/cmu-pronouncing-dictionary-2.0.0.tgz",
      "integrity": "sha512-NmQC+mM/yIgoNYr5KNOR6vDwFI7BflDDEMw5SFDE9X7ppT2dBtP/AA+zJ0sebZY49fLF5ZZCRWeQggmXTTzeZw=="
    },
    "rhymes": {
      "version": "2.0.0",
      "resolved": "https://registry.npmjs.org/rhymes/-/rhymes-2.0.0.tgz",
      "integrity": "sha512-ZDN6g+JrrnU9cpHX7SGVTFpTC2Y+nLS7idlVNYX62kmjuV+/ucIpq0HiHfDYmZZkfjywR4YTGjLsBqVu9dViOg==",
      "requires": {
        "cmu-pronouncing-dictionary": "^2.0.0"
      }
    }
  }
}
